
Microsoft Visual Studio Solution File, Format Version 12.00
# Visual Studio 2013
VisualStudioVersion = 12.0.31101.0
MinimumVisualStudioVersion = 10.0.40219.1
Project("{FAE04EC0-301F-11D3-BF4B-00C04F79EFBC}") = "Model", "Model\Model.csproj", "{A3014440-C2E2-468C-8A76-1167BA1BBA56}"
EndProject
Project("{FAE04EC0-301F-11D3-BF4B-00C04F79EFBC}") = "ModelTests", "ModelTests\ModelTests.csproj", "{DE86EEC4-643D-49F8-BF8A-5EB4EC3E2020}"
EndProject
Project("{FAE04EC0-301F-11D3-BF4B-00C04F79EFBC}") = "Aapplication_model", "Aapplication_model\Aapplication_model.csproj", "{FCF9381E-9A81-4B39-B0E2-BDBC75CF042E}"
EndProject
Project("{FAE04EC0-301F-11D3-BF4B-00C04F79EFBC}") = "Presenter", "Presenter\Presenter.csproj", "{D3219CF5-A0BC-4C7E-B97F-3878C3CA1D53}"
EndProject
Global
	GlobalSection(SolutionConfigurationPlatforms) = preSolution
		Debug|Any CPU = Debug|Any CPU
		Release|Any CPU = Release|Any CPU
	EndGlobalSection
	GlobalSection(ProjectConfigurationPlatforms) = postSolution
		{A3014440-C2E2-468C-8A76-1167BA1BBA56}.Debug|Any CPU.ActiveCfg = Debug|Any CPU
		{A3014440-C2E2-468C-8A76-1167BA1BBA56}.Debug|Any CPU.Build.0 = Debug|Any CPU
		{A3014440-C2E2-468C-8A76-1167BA1BBA56}.Release|Any CPU.ActiveCfg = Release|Any CPU
		{A3014440-C2E2-468C-8A76-1167BA1BBA56}.Release|Any CPU.Build.0 = Release|Any CPU
		{DE86EEC4-643D-49F8-BF8A-5EB4EC3E2020}.Debug|Any CPU.ActiveCfg = Debug|Any CPU
		{DE86EEC4-643D-49F8-BF8A-5EB4EC3E2020}.Debug|Any CPU.Build.0 = Debug|Any CPU
		{DE86EEC4-643D-49F8-BF8A-5EB4EC3E2020}.Release|Any CPU.ActiveCfg = Release|Any CPU
		{DE86EEC4-643D-49F8-BF8A-5EB4EC3E2020}.Release|Any CPU.Build.0 = Release|Any CPU
		{FCF9381E-9A81-4B39-B0E2-BDBC75CF042E}.Debug|Any CPU.ActiveCfg = Debug|Any CPU
		{FCF9381E-9A81-4B39-B0E2-BDBC75CF042E}.Debug|Any CPU.Build.0 = Debug|Any CPU
		{FCF9381E-9A81-4B39-B0E2-BDBC75CF042E}.Release|Any CPU.ActiveCfg = Release|Any CPU
		{FCF9381E-9A81-4B39-B0E2-BDBC75CF042E}.Release|Any CPU.Build.0 = Release|Any CPU
		{D3219CF5-A0BC-4C7E-B97F-3878C3CA1D53}.Debug|Any CPU.ActiveCfg = Debug|Any CPU
		{D3219CF5-A0BC-4C7E-B97F-3878C3CA1D53}.Debug|Any CPU.Build.0 = Debug|Any CPU
		{D3219CF5-A0BC-4C7E-B97F-3878C3CA1D53}.Release|Any CPU.ActiveCfg = Release|Any CPU
		{D3219CF5-A0BC-4C7E-B97F-3878C3CA1D53}.Release|Any CPU.Build.0 = Release|Any CPU
	EndGlobalSection
	GlobalSection(SolutionProperties) = preSolution
		HideSolutionNode = FALSE
	EndGlobalSection
EndGlobal
